
Microsoft Visual Studio Solution File, Format Version 12.00
# Visual Studio 14
VisualStudioVersion = 14.0.25420.1
MinimumVisualStudioVersion = 10.0.40219.1
Project("{FAE04EC0-301F-11D3-BF4B-00C04F79EFBC}") = "draw pattern", "draw pattern\draw pattern.csproj", "{55CF2BB7-492C-46BE-ADD3-C78FD9B84D16}"
EndProject
Global
	GlobalSection(SolutionConfigurationPlatforms) = preSolution
		Debug|Any CPU = Debug|Any CPU
		Release|Any CPU = Release|Any CPU
	EndGlobalSection
	GlobalSection(ProjectConfigurationPlatforms) = postSolution
		{55CF2BB7-492C-46BE-ADD3-C78FD9B84D16}.Debug|Any CPU.ActiveCfg = Debug|Any CPU
		{55CF2BB7-492C-46BE-ADD3-C78FD9B84D16}.Debug|Any CPU.Build.0 = Debug|Any CPU
		{55CF2BB7-492C-46BE-ADD3-C78FD9B84D16}.Release|Any CPU.ActiveCfg = Release|Any CPU
		{55CF2BB7-492C-46BE-ADD3-C78FD9B84D16}.Release|Any CPU.Build.0 = Release|Any CPU
	EndGlobalSection
	GlobalSection(SolutionProperties) = preSolution
		HideSolutionNode = FALSE
	EndGlobalSection
EndGlobal
